
Microsoft Visual Studio Solution File, Format Version 12.00
# Visual Studio 15
VisualStudioVersion = 15.0.27428.2015
MinimumVisualStudioVersion = 10.0.40219.1
Project("{FAE04EC0-301F-11D3-BF4B-00C04F79EFBC}") = "farmers-land", "farmers-land\farmers-land.csproj", "{ADE06D8A-A45C-48B2-887A-BACB6335893F}"
EndProject
Global
	GlobalSection(SolutionConfigurationPlatforms) = preSolution
		Debug|Any CPU = Debug|Any CPU
		Release|Any CPU = Release|Any CPU
	EndGlobalSection
	GlobalSection(ProjectConfigurationPlatforms) = postSolution
		{ADE06D8A-A45C-48B2-887A-BACB6335893F}.Debug|Any CPU.ActiveCfg = Debug|Any CPU
		{ADE06D8A-A45C-48B2-887A-BACB6335893F}.Debug|Any CPU.Build.0 = Debug|Any CPU
		{ADE06D8A-A45C-48B2-887A-BACB6335893F}.Release|Any CPU.ActiveCfg = Release|Any CPU
		{ADE06D8A-A45C-48B2-887A-BACB6335893F}.Release|Any CPU.Build.0 = Release|Any CPU
	EndGlobalSection
	GlobalSection(SolutionProperties) = preSolution
		HideSolutionNode = FALSE
	EndGlobalSection
	GlobalSection(ExtensibilityGlobals) = postSolution
		SolutionGuid = {630117E2-F0FE-4B13-9DD5-0AEAAF07681A}
	EndGlobalSection
EndGlobal
